
Microsoft Visual Studio Solution File, Format Version 12.00
Project("{FAE04EC0-301F-11D3-BF4B-00C04F79EFBC}") = "EngCourses", "EngCourses.csproj", "{F03CA70B-A4AB-41D7-95D9-2FA790ABA723}"
EndProject
Global
	GlobalSection(SolutionConfigurationPlatforms) = preSolution
		Debug|Any CPU = Debug|Any CPU
		Release|Any CPU = Release|Any CPU
	EndGlobalSection
	GlobalSection(ProjectConfigurationPlatforms) = postSolution
		{F03CA70B-A4AB-41D7-95D9-2FA790ABA723}.Debug|Any CPU.ActiveCfg = Debug|Any CPU
		{F03CA70B-A4AB-41D7-95D9-2FA790ABA723}.Debug|Any CPU.Build.0 = Debug|Any CPU
		{F03CA70B-A4AB-41D7-95D9-2FA790ABA723}.Release|Any CPU.ActiveCfg = Release|Any CPU
		{F03CA70B-A4AB-41D7-95D9-2FA790ABA723}.Release|Any CPU.Build.0 = Release|Any CPU
	EndGlobalSection
EndGlobal
